# THIS IS AN AUTOGENERATED FILE. DO NOT EDIT THIS FILE DIRECTLY.
# yarn lockfile v1


"@module-federation/runtime-tools@0.5.1":
  version "0.5.1"
  resolved "https://registry.yarnpkg.com/@module-federation/runtime-tools/-/runtime-tools-0.5.1.tgz#1b1f93837159a6bf0c0ba78730d589a5a8f74aa3"
  integrity sha512-nfBedkoZ3/SWyO0hnmaxuz0R0iGPSikHZOAZ0N/dVSQaIzlffUo35B5nlC2wgWIc0JdMZfkwkjZRrnuuDIJbzg==
  dependencies:
    "@module-federation/runtime" "0.5.1"
    "@module-federation/webpack-bundler-runtime" "0.5.1"

"@module-federation/runtime@0.5.1":
  version "0.5.1"
  resolved "https://registry.yarnpkg.com/@module-federation/runtime/-/runtime-0.5.1.tgz#b548a75e2068952ff66ad717cbf73fc921edd5d7"
  integrity sha512-xgiMUWwGLWDrvZc9JibuEbXIbhXg6z2oUkemogSvQ4LKvrl/n0kbqP1Blk669mXzyWbqtSp6PpvNdwaE1aN5xQ==
  dependencies:
    "@module-federation/sdk" "0.5.1"

"@module-federation/sdk@0.5.1":
  version "0.5.1"
  resolved "https://registry.yarnpkg.com/@module-federation/sdk/-/sdk-0.5.1.tgz#6c0a4053c23fa84db7aae7e4736496c541de7191"
  integrity sha512-exvchtjNURJJkpqjQ3/opdbfeT2wPKvrbnGnyRkrwW5o3FH1LaST1tkiNviT6OXTexGaVc2DahbdniQHVtQ7pA==

"@module-federation/webpack-bundler-runtime@0.5.1":
  version "0.5.1"
  resolved "https://registry.yarnpkg.com/@module-federation/webpack-bundler-runtime/-/webpack-bundler-runtime-0.5.1.tgz#ef626af0d57e3568c474d66d7d3797366e09cafd"
  integrity sha512-mMhRFH0k2VjwHt3Jol9JkUsmI/4XlrAoBG3E0o7HoyoPYv1UFOWyqAflfANcUPgbYpvqmyLzDcO+3IT36LXnrA==
  dependencies:
    "@module-federation/runtime" "0.5.1"
    "@module-federation/sdk" "0.5.1"

"@rspack/binding-darwin-arm64@1.0.8":
  version "1.0.8"
  resolved "https://registry.yarnpkg.com/@rspack/binding-darwin-arm64/-/binding-darwin-arm64-1.0.8.tgz#ec66776dbad65f481b7dee93ad08a390fcbf7c17"
  integrity sha512-1l8/eg3HNz53DHQO3fy5O5QKdYh8hSMZaWGtm3NR5IfdrTm2TaLL9tuR8oL2iHHtd87LEvVKHXdjlcuLV5IPNQ==

"@rspack/binding-darwin-x64@1.0.8":
  version "1.0.8"
  resolved "https://registry.yarnpkg.com/@rspack/binding-darwin-x64/-/binding-darwin-x64-1.0.8.tgz#85d27372dd62e933ddd236d1f85ee6a97243886f"
  integrity sha512-7BbG8gXVWjtqJegDpsObzM/B90Eig1piEtcahvPdvlC92uZz3/IwtKPpMaywGBrf5RSI3U0nQMSekwz0cO1SOw==

"@rspack/binding-linux-arm64-gnu@1.0.8":
  version "1.0.8"
  resolved "https://registry.yarnpkg.com/@rspack/binding-linux-arm64-gnu/-/binding-linux-arm64-gnu-1.0.8.tgz#e958882680e6d95af19fbe73386d50f16ae524e6"
  integrity sha512-QnqCL0wmwYqT/IFx5q0aw7DsIOr8oYUa4+7JI8iiqRf3RuuRJExesVW9VuWr0jS2UvChKgmb8PvRtDy/0tshFw==

"@rspack/binding-linux-arm64-musl@1.0.8":
  version "1.0.8"
  resolved "https://registry.yarnpkg.com/@rspack/binding-linux-arm64-musl/-/binding-linux-arm64-musl-1.0.8.tgz#7dc25acee1c414587d0fcad7f7a4cc08ceb442df"
  integrity sha512-Ns9TsE7zdUjimW5HURRW08BaMyAh16MDh97PPsGEMeRPx9plnRO9aXvuUG6t+0gy4KwlQdeq3BvUsbBpIo5Tow==

"@rspack/binding-linux-x64-gnu@1.0.8":
  version "1.0.8"
  resolved "https://registry.yarnpkg.com/@rspack/binding-linux-x64-gnu/-/binding-linux-x64-gnu-1.0.8.tgz#86b81fe00c36fbb15123450dfc05dc202a49b910"
  integrity sha512-lfqUuKCoyRN/gGeokhX/oNYqB6OpbtgQb57b0QuD8IaiH2a1ee0TtEVvRbyQNEDwht6lW4RTNg0RfMYu52LgXg==

"@rspack/binding-linux-x64-musl@1.0.8":
  version "1.0.8"
  resolved "https://registry.yarnpkg.com/@rspack/binding-linux-x64-musl/-/binding-linux-x64-musl-1.0.8.tgz#6778f9a646674902d129a5bfcab5a2a8dc04c1e3"
  integrity sha512-MgbHJWV5utVa1/U9skrXClydZ/eZw001++v4B6nb8myU6Ck1D02aMl9ESefb/sSA8TatLLxEXQ2VENG9stnPwQ==

"@rspack/binding-win32-arm64-msvc@1.0.8":
  version "1.0.8"
  resolved "https://registry.yarnpkg.com/@rspack/binding-win32-arm64-msvc/-/binding-win32-arm64-msvc-1.0.8.tgz#b88bc3965d5ea508a571019dd5d497492f21bc67"
  integrity sha512-3NN5VisnSOzhgqX77O/7NvcjPUueg1oIdMKoc5vElJCEu5FEXPqDhwZmr1PpBovaXshAcgExF3j54+20pwdg5g==

"@rspack/binding-win32-ia32-msvc@1.0.8":
  version "1.0.8"
  resolved "https://registry.yarnpkg.com/@rspack/binding-win32-ia32-msvc/-/binding-win32-ia32-msvc-1.0.8.tgz#dd4dbd02027af60b2d1ed514466a76da701cb632"
  integrity sha512-17VQNC7PSygzsipSVoukDM/SOcVueVNsk9bZiB0Swl20BaqrlBts2Dvlmo+L+ZGsxOYI97WvA/zomMDv860usg==

"@rspack/binding-win32-x64-msvc@1.0.8":
  version "1.0.8"
  resolved "https://registry.yarnpkg.com/@rspack/binding-win32-x64-msvc/-/binding-win32-x64-msvc-1.0.8.tgz#c58a9471da64a9cadc5ddccbc9ed6aeb9a3a70fe"
  integrity sha512-Vtjt74Soh09XUsV5Nw0YjZVSk/qtsjtPnzbSZluncSAVUs8l+X1ALcM6n1Jrt3TLTfcqf7a+VIsWOXAMqkCGUg==

"@rspack/binding@1.0.8":
  version "1.0.8"
  resolved "https://registry.yarnpkg.com/@rspack/binding/-/binding-1.0.8.tgz#d0e09342fa9411ca88195c7d3ff414191cdf2bee"
  integrity sha512-abRirbrjobcllLAamyeiWxT6Rb0wELUnITynQdqRbSweWm2lvnhm9YBv4BcOjvJBzhJtvRJo5JBtbKXjDTarug==
  optionalDependencies:
    "@rspack/binding-darwin-arm64" "1.0.8"
    "@rspack/binding-darwin-x64" "1.0.8"
    "@rspack/binding-linux-arm64-gnu" "1.0.8"
    "@rspack/binding-linux-arm64-musl" "1.0.8"
    "@rspack/binding-linux-x64-gnu" "1.0.8"
    "@rspack/binding-linux-x64-musl" "1.0.8"
    "@rspack/binding-win32-arm64-msvc" "1.0.8"
    "@rspack/binding-win32-ia32-msvc" "1.0.8"
    "@rspack/binding-win32-x64-msvc" "1.0.8"

"@rspack/core@^1.0.8":
  version "1.0.8"
  resolved "https://registry.yarnpkg.com/@rspack/core/-/core-1.0.8.tgz#49ea9d20427245b87a25188e60f820e256b202f4"
  integrity sha512-pbXwXYb4WQwb0l35P5v3l/NpDJXy1WiVE4IcQ/6LxZYU5NyZuqtsK0trR88xIVRZb9qU0JUeCdQq7Xa6Q+c3Xw==
  dependencies:
    "@module-federation/runtime-tools" "0.5.1"
    "@rspack/binding" "1.0.8"
    "@rspack/lite-tapable" "1.0.1"
    caniuse-lite "^1.0.30001616"

"@rspack/lite-tapable@1.0.1":
  version "1.0.1"
  resolved "https://registry.yarnpkg.com/@rspack/lite-tapable/-/lite-tapable-1.0.1.tgz#d4540a5d28bd6177164bc0ba0bee4bdec0458591"
  integrity sha512-VynGOEsVw2s8TAlLf/uESfrgfrq2+rcXB1muPJYBWbsm1Oa6r5qVQhjA5ggM6z/coYPrsVMgovl3Ff7Q7OCp1w==

caniuse-lite@^1.0.30001616:
  version "1.0.30001667"
  resolved "https://registry.yarnpkg.com/caniuse-lite/-/caniuse-lite-1.0.30001667.tgz#99fc5ea0d9c6e96897a104a8352604378377f949"
  integrity sha512-7LTwJjcRkzKFmtqGsibMeuXmvFDfZq/nzIjnmgCGzKKRVzjD72selLDK1oPF/Oxzmt4fNcPvTDvGqSDG4tCALw==
